
Microsoft Visual Studio Solution File, Format Version 12.00
# Visual Studio Version 17
VisualStudioVersion = 17.4.33103.184
MinimumVisualStudioVersion = 10.0.40219.1
Project("{FAE04EC0-301F-11D3-BF4B-00C04F79EFBC}") = "Home work1", "Home work1.csproj", "{6B3A3D15-5FDF-49B8-B7A4-36C62F4A11C8}"
EndProject
Global
	GlobalSection(SolutionConfigurationPlatforms) = preSolution
		Debug|Any CPU = Debug|Any CPU
		Release|Any CPU = Release|Any CPU
	EndGlobalSection
	GlobalSection(ProjectConfigurationPlatforms) = postSolution
		{6B3A3D15-5FDF-49B8-B7A4-36C62F4A11C8}.Debug|Any CPU.ActiveCfg = Debug|Any CPU
		{6B3A3D15-5FDF-49B8-B7A4-36C62F4A11C8}.Debug|Any CPU.Build.0 = Debug|Any CPU
		{6B3A3D15-5FDF-49B8-B7A4-36C62F4A11C8}.Release|Any CPU.ActiveCfg = Release|Any CPU
		{6B3A3D15-5FDF-49B8-B7A4-36C62F4A11C8}.Release|Any CPU.Build.0 = Release|Any CPU
	EndGlobalSection
	GlobalSection(SolutionProperties) = preSolution
		HideSolutionNode = FALSE
	EndGlobalSection
	GlobalSection(ExtensibilityGlobals) = postSolution
		SolutionGuid = {1000E196-235A-4D7A-866C-22AB42B14E54}
	EndGlobalSection
EndGlobal
